
Microsoft Visual Studio Solution File, Format Version 12.00
# Visual Studio Version 17
VisualStudioVersion = 17.4.33110.190
MinimumVisualStudioVersion = 10.0.40219.1
Project("{9A19103F-16F7-4668-BE54-9A1E7A4F7556}") = "Day1", "Day1.csproj", "{3FCB9AAB-C144-4F91-88DD-22648C127BD0}"
EndProject
Global
	GlobalSection(SolutionConfigurationPlatforms) = preSolution
		Debug|Any CPU = Debug|Any CPU
		Release|Any CPU = Release|Any CPU
	EndGlobalSection
	GlobalSection(ProjectConfigurationPlatforms) = postSolution
		{3FCB9AAB-C144-4F91-88DD-22648C127BD0}.Debug|Any CPU.ActiveCfg = Debug|Any CPU
		{3FCB9AAB-C144-4F91-88DD-22648C127BD0}.Debug|Any CPU.Build.0 = Debug|Any CPU
		{3FCB9AAB-C144-4F91-88DD-22648C127BD0}.Release|Any CPU.ActiveCfg = Release|Any CPU
		{3FCB9AAB-C144-4F91-88DD-22648C127BD0}.Release|Any CPU.Build.0 = Release|Any CPU
	EndGlobalSection
	GlobalSection(SolutionProperties) = preSolution
		HideSolutionNode = FALSE
	EndGlobalSection
	GlobalSection(ExtensibilityGlobals) = postSolution
		SolutionGuid = {7BC31B63-2A3F-4EBF-910C-02B395C866D2}
	EndGlobalSection
EndGlobal
