
Microsoft Visual Studio Solution File, Format Version 12.00
# Visual Studio Version 17
VisualStudioVersion = 17.4.33110.190
MinimumVisualStudioVersion = 10.0.40219.1
Project("{9A19103F-16F7-4668-BE54-9A1E7A4F7556}") = "Day1", "Day1\Day1.csproj", "{BCE91352-CF5C-4673-B2EA-59FD93CDE62D}"
EndProject
Project("{9A19103F-16F7-4668-BE54-9A1E7A4F7556}") = "Day2", "Day2\Day2.csproj", "{58E43DDF-1F6E-4F5A-AFDA-057588DA41E7}"
EndProject
Project("{9A19103F-16F7-4668-BE54-9A1E7A4F7556}") = "Day3", "Day3\Day3.csproj", "{06E88F0D-74CF-42DD-81CF-429A4D705D70}"
EndProject
Project("{9A19103F-16F7-4668-BE54-9A1E7A4F7556}") = "Day4", "Day4\Day4.csproj", "{DE38901B-603B-4076-8527-A85BAB465A18}"
EndProject
Project("{9A19103F-16F7-4668-BE54-9A1E7A4F7556}") = "Day5", "Day5\Day5.csproj", "{65DED909-01E0-4901-B3FB-36ACC346AC3C}"
EndProject
Project("{9A19103F-16F7-4668-BE54-9A1E7A4F7556}") = "Day6", "Day6\Day6.csproj", "{3D16DB4F-FC71-437F-AAD6-6516C7E34122}"
EndProject
Project("{9A19103F-16F7-4668-BE54-9A1E7A4F7556}") = "Day7", "Day7\Day7.csproj", "{12934AD3-5FED-493B-9CA7-1CD1B194D680}"
EndProject
Project("{9A19103F-16F7-4668-BE54-9A1E7A4F7556}") = "Day8", "Day8\Day8.csproj", "{ECFD4B8A-1E54-430A-97BE-C6B3157DDAB2}"
EndProject
Project("{9A19103F-16F7-4668-BE54-9A1E7A4F7556}") = "Day9", "Day9\Day9.csproj", "{249F2106-8FD6-4DC9-8B09-048D7F053C22}"
EndProject
Project("{9A19103F-16F7-4668-BE54-9A1E7A4F7556}") = "Day10", "Day10\Day10.csproj", "{B7225F8D-38F6-4572-9FCB-34BA6DA9963A}"
EndProject
Project("{9A19103F-16F7-4668-BE54-9A1E7A4F7556}") = "Day11", "Day11\Day11.csproj", "{6E2F5606-D1B6-4E50-920B-613C8A1C1F35}"
EndProject
Project("{2150E333-8FDC-42A3-9474-1A3956D46DE8}") = "Solution Items", "Solution Items", "{096E41F8-F924-4A30-AB82-60CE166EDDC2}"
	ProjectSection(SolutionItems) = preProject
		..\README.md = ..\README.md
	EndProjectSection
EndProject
Project("{9A19103F-16F7-4668-BE54-9A1E7A4F7556}") = "Day12", "Day12\Day12.csproj", "{A6C77499-F062-4834-868E-01FE7FFB7959}"
EndProject
Project("{9A19103F-16F7-4668-BE54-9A1E7A4F7556}") = "Day13", "Day13\Day13.csproj", "{D7662795-72E5-45A9-9781-F668E631D257}"
EndProject
Project("{9A19103F-16F7-4668-BE54-9A1E7A4F7556}") = "Day14", "Day14\Day14.csproj", "{000E6869-EC7A-447F-AB12-9A7F241B028C}"
EndProject
Project("{9A19103F-16F7-4668-BE54-9A1E7A4F7556}") = "Day15", "Day15\Day15.csproj", "{C59CA8B2-112B-45D8-85E5-3F8A802D2674}"
EndProject
Project("{9A19103F-16F7-4668-BE54-9A1E7A4F7556}") = "Day16", "Day16\Day16.csproj", "{F0744B30-6207-4991-8923-407C794D9D8F}"
EndProject
Project("{9A19103F-16F7-4668-BE54-9A1E7A4F7556}") = "Day17", "Day17\Day17.csproj", "{FB7CCE3A-6FF8-4CEB-8AF5-0EA816784092}"
EndProject
Project("{9A19103F-16F7-4668-BE54-9A1E7A4F7556}") = "Day18", "Day18\Day18.csproj", "{3BFFC2EA-71A0-4F52-8541-F64567D107B4}"
EndProject
Project("{9A19103F-16F7-4668-BE54-9A1E7A4F7556}") = "Day20", "Day20\Day20.csproj", "{E4F71CF2-7ABD-4026-B3E9-175D814E9DF5}"
EndProject
Project("{9A19103F-16F7-4668-BE54-9A1E7A4F7556}") = "Day21", "Day21\Day21.csproj", "{8D40C4B0-8BF3-4AA4-9788-6B3468BAC500}"
EndProject
Project("{9A19103F-16F7-4668-BE54-9A1E7A4F7556}") = "Day23", "Day23\Day23.csproj", "{6015DD7E-AC32-475C-98FF-0F8B4FFA35D0}"
EndProject
Project("{9A19103F-16F7-4668-BE54-9A1E7A4F7556}") = "Day25", "Day25\Day25.csproj", "{47022EFB-5169-4DF5-B163-7C3FF144C98B}"
EndProject
Project("{9A19103F-16F7-4668-BE54-9A1E7A4F7556}") = "Day24", "Day24\Day24.csproj", "{840F526D-EA6C-4F6B-9C0E-976C34F9150B}"
EndProject
Project("{FAE04EC0-301F-11D3-BF4B-00C04F79EFBC}") = "Day19", "Day19\Day19.csproj", "{7516FF99-DE04-4E92-8618-D8594B925B95}"
EndProject
Global
	GlobalSection(SolutionConfigurationPlatforms) = preSolution
		Debug|Any CPU = Debug|Any CPU
		Release|Any CPU = Release|Any CPU
	EndGlobalSection
	GlobalSection(ProjectConfigurationPlatforms) = postSolution
		{BCE91352-CF5C-4673-B2EA-59FD93CDE62D}.Debug|Any CPU.ActiveCfg = Debug|Any CPU
		{BCE91352-CF5C-4673-B2EA-59FD93CDE62D}.Debug|Any CPU.Build.0 = Debug|Any CPU
		{BCE91352-CF5C-4673-B2EA-59FD93CDE62D}.Release|Any CPU.ActiveCfg = Release|Any CPU
		{BCE91352-CF5C-4673-B2EA-59FD93CDE62D}.Release|Any CPU.Build.0 = Release|Any CPU
		{58E43DDF-1F6E-4F5A-AFDA-057588DA41E7}.Debug|Any CPU.ActiveCfg = Debug|Any CPU
		{58E43DDF-1F6E-4F5A-AFDA-057588DA41E7}.Debug|Any CPU.Build.0 = Debug|Any CPU
		{58E43DDF-1F6E-4F5A-AFDA-057588DA41E7}.Release|Any CPU.ActiveCfg = Release|Any CPU
		{58E43DDF-1F6E-4F5A-AFDA-057588DA41E7}.Release|Any CPU.Build.0 = Release|Any CPU
		{06E88F0D-74CF-42DD-81CF-429A4D705D70}.Debug|Any CPU.ActiveCfg = Debug|Any CPU
		{06E88F0D-74CF-42DD-81CF-429A4D705D70}.Debug|Any CPU.Build.0 = Debug|Any CPU
		{06E88F0D-74CF-42DD-81CF-429A4D705D70}.Release|Any CPU.ActiveCfg = Release|Any CPU
		{06E88F0D-74CF-42DD-81CF-429A4D705D70}.Release|Any CPU.Build.0 = Release|Any CPU
		{DE38901B-603B-4076-8527-A85BAB465A18}.Debug|Any CPU.ActiveCfg = Debug|Any CPU
		{DE38901B-603B-4076-8527-A85BAB465A18}.Debug|Any CPU.Build.0 = Debug|Any CPU
		{DE38901B-603B-4076-8527-A85BAB465A18}.Release|Any CPU.ActiveCfg = Release|Any CPU
		{DE38901B-603B-4076-8527-A85BAB465A18}.Release|Any CPU.Build.0 = Release|Any CPU
		{65DED909-01E0-4901-B3FB-36ACC346AC3C}.Debug|Any CPU.ActiveCfg = Debug|Any CPU
		{65DED909-01E0-4901-B3FB-36ACC346AC3C}.Debug|Any CPU.Build.0 = Debug|Any CPU
		{65DED909-01E0-4901-B3FB-36ACC346AC3C}.Release|Any CPU.ActiveCfg = Release|Any CPU
		{65DED909-01E0-4901-B3FB-36ACC346AC3C}.Release|Any CPU.Build.0 = Release|Any CPU
		{3D16DB4F-FC71-437F-AAD6-6516C7E34122}.Debug|Any CPU.ActiveCfg = Debug|Any CPU
		{3D16DB4F-FC71-437F-AAD6-6516C7E34122}.Debug|Any CPU.Build.0 = Debug|Any CPU
		{3D16DB4F-FC71-437F-AAD6-6516C7E34122}.Release|Any CPU.ActiveCfg = Release|Any CPU
		{3D16DB4F-FC71-437F-AAD6-6516C7E34122}.Release|Any CPU.Build.0 = Release|Any CPU
		{12934AD3-5FED-493B-9CA7-1CD1B194D680}.Debug|Any CPU.ActiveCfg = Debug|Any CPU
		{12934AD3-5FED-493B-9CA7-1CD1B194D680}.Debug|Any CPU.Build.0 = Debug|Any CPU
		{12934AD3-5FED-493B-9CA7-1CD1B194D680}.Release|Any CPU.ActiveCfg = Release|Any CPU
		{12934AD3-5FED-493B-9CA7-1CD1B194D680}.Release|Any CPU.Build.0 = Release|Any CPU
		{ECFD4B8A-1E54-430A-97BE-C6B3157DDAB2}.Debug|Any CPU.ActiveCfg = Debug|Any CPU
		{ECFD4B8A-1E54-430A-97BE-C6B3157DDAB2}.Debug|Any CPU.Build.0 = Debug|Any CPU
		{ECFD4B8A-1E54-430A-97BE-C6B3157DDAB2}.Release|Any CPU.ActiveCfg = Release|Any CPU
		{ECFD4B8A-1E54-430A-97BE-C6B3157DDAB2}.Release|Any CPU.Build.0 = Release|Any CPU
		{249F2106-8FD6-4DC9-8B09-048D7F053C22}.Debug|Any CPU.ActiveCfg = Debug|Any CPU
		{249F2106-8FD6-4DC9-8B09-048D7F053C22}.Debug|Any CPU.Build.0 = Debug|Any CPU
		{249F2106-8FD6-4DC9-8B09-048D7F053C22}.Release|Any CPU.ActiveCfg = Release|Any CPU
		{249F2106-8FD6-4DC9-8B09-048D7F053C22}.Release|Any CPU.Build.0 = Release|Any CPU
		{B7225F8D-38F6-4572-9FCB-34BA6DA9963A}.Debug|Any CPU.ActiveCfg = Debug|Any CPU
		{B7225F8D-38F6-4572-9FCB-34BA6DA9963A}.Debug|Any CPU.Build.0 = Debug|Any CPU
		{B7225F8D-38F6-4572-9FCB-34BA6DA9963A}.Release|Any CPU.ActiveCfg = Release|Any CPU
		{B7225F8D-38F6-4572-9FCB-34BA6DA9963A}.Release|Any CPU.Build.0 = Release|Any CPU
		{6E2F5606-D1B6-4E50-920B-613C8A1C1F35}.Debug|Any CPU.ActiveCfg = Debug|Any CPU
		{6E2F5606-D1B6-4E50-920B-613C8A1C1F35}.Debug|Any CPU.Build.0 = Debug|Any CPU
		{6E2F5606-D1B6-4E50-920B-613C8A1C1F35}.Release|Any CPU.ActiveCfg = Release|Any CPU
		{6E2F5606-D1B6-4E50-920B-613C8A1C1F35}.Release|Any CPU.Build.0 = Release|Any CPU
		{A6C77499-F062-4834-868E-01FE7FFB7959}.Debug|Any CPU.ActiveCfg = Debug|Any CPU
		{A6C77499-F062-4834-868E-01FE7FFB7959}.Debug|Any CPU.Build.0 = Debug|Any CPU
		{A6C77499-F062-4834-868E-01FE7FFB7959}.Release|Any CPU.ActiveCfg = Release|Any CPU
		{A6C77499-F062-4834-868E-01FE7FFB7959}.Release|Any CPU.Build.0 = Release|Any CPU
		{D7662795-72E5-45A9-9781-F668E631D257}.Debug|Any CPU.ActiveCfg = Debug|Any CPU
		{D7662795-72E5-45A9-9781-F668E631D257}.Debug|Any CPU.Build.0 = Debug|Any CPU
		{D7662795-72E5-45A9-9781-F668E631D257}.Release|Any CPU.ActiveCfg = Release|Any CPU
		{D7662795-72E5-45A9-9781-F668E631D257}.Release|Any CPU.Build.0 = Release|Any CPU
		{000E6869-EC7A-447F-AB12-9A7F241B028C}.Debug|Any CPU.ActiveCfg = Debug|Any CPU
		{000E6869-EC7A-447F-AB12-9A7F241B028C}.Debug|Any CPU.Build.0 = Debug|Any CPU
		{000E6869-EC7A-447F-AB12-9A7F241B028C}.Release|Any CPU.ActiveCfg = Release|Any CPU
		{000E6869-EC7A-447F-AB12-9A7F241B028C}.Release|Any CPU.Build.0 = Release|Any CPU
		{C59CA8B2-112B-45D8-85E5-3F8A802D2674}.Debug|Any CPU.ActiveCfg = Debug|Any CPU
		{C59CA8B2-112B-45D8-85E5-3F8A802D2674}.Debug|Any CPU.Build.0 = Debug|Any CPU
		{C59CA8B2-112B-45D8-85E5-3F8A802D2674}.Release|Any CPU.ActiveCfg = Release|Any CPU
		{C59CA8B2-112B-45D8-85E5-3F8A802D2674}.Release|Any CPU.Build.0 = Release|Any CPU
		{F0744B30-6207-4991-8923-407C794D9D8F}.Debug|Any CPU.ActiveCfg = Debug|Any CPU
		{F0744B30-6207-4991-8923-407C794D9D8F}.Debug|Any CPU.Build.0 = Debug|Any CPU
		{F0744B30-6207-4991-8923-407C794D9D8F}.Release|Any CPU.ActiveCfg = Release|Any CPU
		{F0744B30-6207-4991-8923-407C794D9D8F}.Release|Any CPU.Build.0 = Release|Any CPU
		{FB7CCE3A-6FF8-4CEB-8AF5-0EA816784092}.Debug|Any CPU.ActiveCfg = Debug|Any CPU
		{FB7CCE3A-6FF8-4CEB-8AF5-0EA816784092}.Debug|Any CPU.Build.0 = Debug|Any CPU
		{FB7CCE3A-6FF8-4CEB-8AF5-0EA816784092}.Release|Any CPU.ActiveCfg = Release|Any CPU
		{FB7CCE3A-6FF8-4CEB-8AF5-0EA816784092}.Release|Any CPU.Build.0 = Release|Any CPU
		{3BFFC2EA-71A0-4F52-8541-F64567D107B4}.Debug|Any CPU.ActiveCfg = Debug|Any CPU
		{3BFFC2EA-71A0-4F52-8541-F64567D107B4}.Debug|Any CPU.Build.0 = Debug|Any CPU
		{3BFFC2EA-71A0-4F52-8541-F64567D107B4}.Release|Any CPU.ActiveCfg = Release|Any CPU
		{3BFFC2EA-71A0-4F52-8541-F64567D107B4}.Release|Any CPU.Build.0 = Release|Any CPU
		{E4F71CF2-7ABD-4026-B3E9-175D814E9DF5}.Debug|Any CPU.ActiveCfg = Debug|Any CPU
		{E4F71CF2-7ABD-4026-B3E9-175D814E9DF5}.Debug|Any CPU.Build.0 = Debug|Any CPU
		{E4F71CF2-7ABD-4026-B3E9-175D814E9DF5}.Release|Any CPU.ActiveCfg = Release|Any CPU
		{E4F71CF2-7ABD-4026-B3E9-175D814E9DF5}.Release|Any CPU.Build.0 = Release|Any CPU
		{8D40C4B0-8BF3-4AA4-9788-6B3468BAC500}.Debug|Any CPU.ActiveCfg = Debug|Any CPU
		{8D40C4B0-8BF3-4AA4-9788-6B3468BAC500}.Debug|Any CPU.Build.0 = Debug|Any CPU
		{8D40C4B0-8BF3-4AA4-9788-6B3468BAC500}.Release|Any CPU.ActiveCfg = Release|Any CPU
		{8D40C4B0-8BF3-4AA4-9788-6B3468BAC500}.Release|Any CPU.Build.0 = Release|Any CPU
		{6015DD7E-AC32-475C-98FF-0F8B4FFA35D0}.Debug|Any CPU.ActiveCfg = Debug|Any CPU
		{6015DD7E-AC32-475C-98FF-0F8B4FFA35D0}.Debug|Any CPU.Build.0 = Debug|Any CPU
		{6015DD7E-AC32-475C-98FF-0F8B4FFA35D0}.Release|Any CPU.ActiveCfg = Release|Any CPU
		{6015DD7E-AC32-475C-98FF-0F8B4FFA35D0}.Release|Any CPU.Build.0 = Release|Any CPU
		{47022EFB-5169-4DF5-B163-7C3FF144C98B}.Debug|Any CPU.ActiveCfg = Debug|Any CPU
		{47022EFB-5169-4DF5-B163-7C3FF144C98B}.Debug|Any CPU.Build.0 = Debug|Any CPU
		{47022EFB-5169-4DF5-B163-7C3FF144C98B}.Release|Any CPU.ActiveCfg = Release|Any CPU
		{47022EFB-5169-4DF5-B163-7C3FF144C98B}.Release|Any CPU.Build.0 = Release|Any CPU
		{840F526D-EA6C-4F6B-9C0E-976C34F9150B}.Debug|Any CPU.ActiveCfg = Debug|Any CPU
		{840F526D-EA6C-4F6B-9C0E-976C34F9150B}.Debug|Any CPU.Build.0 = Debug|Any CPU
		{840F526D-EA6C-4F6B-9C0E-976C34F9150B}.Release|Any CPU.ActiveCfg = Release|Any CPU
		{840F526D-EA6C-4F6B-9C0E-976C34F9150B}.Release|Any CPU.Build.0 = Release|Any CPU
		{7516FF99-DE04-4E92-8618-D8594B925B95}.Debug|Any CPU.ActiveCfg = Debug|Any CPU
		{7516FF99-DE04-4E92-8618-D8594B925B95}.Debug|Any CPU.Build.0 = Debug|Any CPU
		{7516FF99-DE04-4E92-8618-D8594B925B95}.Release|Any CPU.ActiveCfg = Release|Any CPU
		{7516FF99-DE04-4E92-8618-D8594B925B95}.Release|Any CPU.Build.0 = Release|Any CPU
	EndGlobalSection
	GlobalSection(SolutionProperties) = preSolution
		HideSolutionNode = FALSE
	EndGlobalSection
	GlobalSection(ExtensibilityGlobals) = postSolution
		SolutionGuid = {7CC2AD35-12FE-4AC8-BF2E-29D8BA54D9B3}
	EndGlobalSection
EndGlobal
